// !$*UTF8*$!
{
	archiveVersion = 1;
	classes = {
	};
	objectVersion = 53;
	objects = {

/* Begin PBXBuildFile section */
		77332ADC2A836D4A00F815E4 /* TitleHeaderCollectionReusableView.swift in Sources */ = {isa = PBXBuildFile; fileRef = 77332ADB2A836D4A00F815E4 /* TitleHeaderCollectionReusableView.swift */; };
		77332ADE2A83971600F815E4 /* AlbumTrackCollectionViewCell.swift in Sources */ = {isa = PBXBuildFile; fileRef = 77332ADD2A83971600F815E4 /* AlbumTrackCollectionViewCell.swift */; };
		77332AE02A839A1200F815E4 /* AlbumCollectionViewCellViewModel.swift in Sources */ = {isa = PBXBuildFile; fileRef = 77332ADF2A839A1200F815E4 /* AlbumCollectionViewCellViewModel.swift */; };
		773523522A698CEC00FA9CA4 /* AppDelegate.swift in Sources */ = {isa = PBXBuildFile; fileRef = 773523512A698CEC00FA9CA4 /* AppDelegate.swift */; };
		773523542A698CEC00FA9CA4 /* SceneDelegate.swift in Sources */ = {isa = PBXBuildFile; fileRef = 773523532A698CEC00FA9CA4 /* SceneDelegate.swift */; };
		773523562A698CEC00FA9CA4 /* HomeViewController.swift in Sources */ = {isa = PBXBuildFile; fileRef = 773523552A698CEC00FA9CA4 /* HomeViewController.swift */; };
		7735235B2A698CED00FA9CA4 /* Assets.xcassets in Resources */ = {isa = PBXBuildFile; fileRef = 7735235A2A698CED00FA9CA4 /* Assets.xcassets */; };
		7735235E2A698CED00FA9CA4 /* LaunchScreen.storyboard in Resources */ = {isa = PBXBuildFile; fileRef = 7735235C2A698CED00FA9CA4 /* LaunchScreen.storyboard */; };
		7735236F2A698F2E00FA9CA4 /* TabBarViewController.swift in Sources */ = {isa = PBXBuildFile; fileRef = 7735236E2A698F2E00FA9CA4 /* TabBarViewController.swift */; };
		773523732A698F6700FA9CA4 /* SearchViewController.swift in Sources */ = {isa = PBXBuildFile; fileRef = 773523722A698F6700FA9CA4 /* SearchViewController.swift */; };
		773523762A698F7B00FA9CA4 /* LibraryViewController.swift in Sources */ = {isa = PBXBuildFile; fileRef = 773523752A698F7B00FA9CA4 /* LibraryViewController.swift */; };
		7735237B2A698FBE00FA9CA4 /* AuthViewController.swift in Sources */ = {isa = PBXBuildFile; fileRef = 7735237A2A698FBE00FA9CA4 /* AuthViewController.swift */; };
		7735237E2A698FCD00FA9CA4 /* WelcomeViewController.swift in Sources */ = {isa = PBXBuildFile; fileRef = 7735237D2A698FCD00FA9CA4 /* WelcomeViewController.swift */; };
		773523812A698FDD00FA9CA4 /* SettingsViewController.swift in Sources */ = {isa = PBXBuildFile; fileRef = 773523802A698FDD00FA9CA4 /* SettingsViewController.swift */; };
		773523842A698FED00FA9CA4 /* ProfileViewController.swift in Sources */ = {isa = PBXBuildFile; fileRef = 773523832A698FED00FA9CA4 /* ProfileViewController.swift */; };
		773523872A698FFB00FA9CA4 /* PlayerViewController.swift in Sources */ = {isa = PBXBuildFile; fileRef = 773523862A698FFB00FA9CA4 /* PlayerViewController.swift */; };
		7735238A2A69900F00FA9CA4 /* PlaylistViewController.swift in Sources */ = {isa = PBXBuildFile; fileRef = 773523892A69900F00FA9CA4 /* PlaylistViewController.swift */; };
		7735238D2A69902800FA9CA4 /* SearchResultViewController.swift in Sources */ = {isa = PBXBuildFile; fileRef = 7735238C2A69902800FA9CA4 /* SearchResultViewController.swift */; };
		773523902A69905600FA9CA4 /* AuthManager.swift in Sources */ = {isa = PBXBuildFile; fileRef = 7735238F2A69905600FA9CA4 /* AuthManager.swift */; };
		773523932A69906200FA9CA4 /* APICaller.swift in Sources */ = {isa = PBXBuildFile; fileRef = 773523922A69906200FA9CA4 /* APICaller.swift */; };
		773523962A69907600FA9CA4 /* HapticsManager.swift in Sources */ = {isa = PBXBuildFile; fileRef = 773523952A69907600FA9CA4 /* HapticsManager.swift */; };
		773523992A69909900FA9CA4 /* Playlist.swift in Sources */ = {isa = PBXBuildFile; fileRef = 773523982A69909900FA9CA4 /* Playlist.swift */; };
		7735239C2A6990A500FA9CA4 /* AudioTrack.swift in Sources */ = {isa = PBXBuildFile; fileRef = 7735239B2A6990A500FA9CA4 /* AudioTrack.swift */; };
		7735239F2A6991CD00FA9CA4 /* Artist.swift in Sources */ = {isa = PBXBuildFile; fileRef = 7735239E2A6991CD00FA9CA4 /* Artist.swift */; };
		773523A22A6991D900FA9CA4 /* UserProfile.swift in Sources */ = {isa = PBXBuildFile; fileRef = 773523A12A6991D800FA9CA4 /* UserProfile.swift */; };
		7752C0A42A73C0ED00E20C82 /* NewReleasesCellViewModel.swift in Sources */ = {isa = PBXBuildFile; fileRef = 7752C0A32A73C0ED00E20C82 /* NewReleasesCellViewModel.swift */; };
		7752C0A62A74148700E20C82 /* FeaturedPlaylistCellViewModel.swift in Sources */ = {isa = PBXBuildFile; fileRef = 7752C0A52A74148700E20C82 /* FeaturedPlaylistCellViewModel.swift */; };
		7752C0A82A7414E300E20C82 /* RecommendedTrackCellViewModel.swift in Sources */ = {isa = PBXBuildFile; fileRef = 7752C0A72A7414E300E20C82 /* RecommendedTrackCellViewModel.swift */; };
		7752C0AA2A74265900E20C82 /* AlbumViewController.swift in Sources */ = {isa = PBXBuildFile; fileRef = 7752C0A92A74265900E20C82 /* AlbumViewController.swift */; };
		7752C0AC2A742B1000E20C82 /* AlbumDetailsResponse.swift in Sources */ = {isa = PBXBuildFile; fileRef = 7752C0AB2A742B1000E20C82 /* AlbumDetailsResponse.swift */; };
		7752C0AE2A74306900E20C82 /* PlaylistDetailsResponse.swift in Sources */ = {isa = PBXBuildFile; fileRef = 7752C0AD2A74306900E20C82 /* PlaylistDetailsResponse.swift */; };
		7764B2442A738AFA00B9C84A /* RecommendationsResponse.swift in Sources */ = {isa = PBXBuildFile; fileRef = 7764B2432A738AFA00B9C84A /* RecommendationsResponse.swift */; };
		7764B2472A73B62C00B9C84A /* NewReleaseCollectionViewCell.swift in Sources */ = {isa = PBXBuildFile; fileRef = 7764B2462A73B62C00B9C84A /* NewReleaseCollectionViewCell.swift */; };
		7764B2492A73B65400B9C84A /* FeaturedPlaylistCollectionViewCell.swift in Sources */ = {isa = PBXBuildFile; fileRef = 7764B2482A73B65400B9C84A /* FeaturedPlaylistCollectionViewCell.swift */; };
		7764B24B2A73B68500B9C84A /* RecommendedTrackCollectionViewCell.swift in Sources */ = {isa = PBXBuildFile; fileRef = 7764B24A2A73B68500B9C84A /* RecommendedTrackCollectionViewCell.swift */; };
		7766AFD02A72BB27002C94A3 /* NewReleasesResponse.swift in Sources */ = {isa = PBXBuildFile; fileRef = 7766AFCF2A72BB27002C94A3 /* NewReleasesResponse.swift */; };
		7766AFD22A72BE70002C94A3 /* APIImage.swift in Sources */ = {isa = PBXBuildFile; fileRef = 7766AFD12A72BE70002C94A3 /* APIImage.swift */; };
		7766AFD42A72CA3F002C94A3 /* FeaturedPlaylistResponse.swift in Sources */ = {isa = PBXBuildFile; fileRef = 7766AFD32A72CA3F002C94A3 /* FeaturedPlaylistResponse.swift */; };
		7766AFD62A72D216002C94A3 /* RecommendedGenresResponse.swift in Sources */ = {isa = PBXBuildFile; fileRef = 7766AFD52A72D216002C94A3 /* RecommendedGenresResponse.swift */; };
		7768E25F2A84B0C800786017 /* GenreCollectionViewCell.swift in Sources */ = {isa = PBXBuildFile; fileRef = 7768E25E2A84B0C700786017 /* GenreCollectionViewCell.swift */; };
		7768E2612A84C18400786017 /* AllCategoriesResponse.swift in Sources */ = {isa = PBXBuildFile; fileRef = 7768E2602A84C18400786017 /* AllCategoriesResponse.swift */; };
		7768E2632A84E01900786017 /* CategoryCollectionViewCellViewModel.swift in Sources */ = {isa = PBXBuildFile; fileRef = 7768E2622A84E01900786017 /* CategoryCollectionViewCellViewModel.swift */; };
		7768E2652A84E7EB00786017 /* CategoryViewController.swift in Sources */ = {isa = PBXBuildFile; fileRef = 7768E2642A84E7EB00786017 /* CategoryViewController.swift */; };
		779B8E762A6EA122000C3C73 /* Extensions.swift in Sources */ = {isa = PBXBuildFile; fileRef = 779B8E752A6EA122000C3C73 /* Extensions.swift */; };
		77A395452A701C4D00A1E8D5 /* SFSafeSymbols in Frameworks */ = {isa = PBXBuildFile; productRef = 77A395442A701C4D00A1E8D5 /* SFSafeSymbols */; };
		77A395482A70348300A1E8D5 /* SettingsModels.swift in Sources */ = {isa = PBXBuildFile; fileRef = 77A395472A70348300A1E8D5 /* SettingsModels.swift */; };
		77A809CA2A6EDECD0041D72A /* AuthResponse.swift in Sources */ = {isa = PBXBuildFile; fileRef = 77A809C92A6EDECD0041D72A /* AuthResponse.swift */; };
		77DD7D9E2A7802D0007FD870 /* PlaylistHeaderCollectionReusableView.swift in Sources */ = {isa = PBXBuildFile; fileRef = 77DD7D9D2A7802D0007FD870 /* PlaylistHeaderCollectionReusableView.swift */; };
		77DD7DA02A780670007FD870 /* PlaylistHeaderViewViewModel.swift in Sources */ = {isa = PBXBuildFile; fileRef = 77DD7D9F2A780670007FD870 /* PlaylistHeaderViewViewModel.swift */; };
		FB7F986FAAE6E57F69033368 /* Pods_Spotifier.framework in Frameworks */ = {isa = PBXBuildFile; fileRef = 8500797835AAC4018CBE76A9 /* Pods_Spotifier.framework */; };
/* End PBXBuildFile section */

/* Begin PBXFileReference section */
		1B2FA3DD1C3AEBF50C191066 /* Pods-Spotifier.release.xcconfig */ = {isa = PBXFileReference; includeInIndex = 1; lastKnownFileType = text.xcconfig; name = "Pods-Spotifier.release.xcconfig"; path = "Target Support Files/Pods-Spotifier/Pods-Spotifier.release.xcconfig"; sourceTree = "<group>"; };
		46019B8B0B6C78B5521A5748 /* Pods-Spotifier.debug.xcconfig */ = {isa = PBXFileReference; includeInIndex = 1; lastKnownFileType = text.xcconfig; name = "Pods-Spotifier.debug.xcconfig"; path = "Target Support Files/Pods-Spotifier/Pods-Spotifier.debug.xcconfig"; sourceTree = "<group>"; };
		77332ADB2A836D4A00F815E4 /* TitleHeaderCollectionReusableView.swift */ = {isa = PBXFileReference; lastKnownFileType = sourcecode.swift; path = TitleHeaderCollectionReusableView.swift; sourceTree = "<group>"; };
		77332ADD2A83971600F815E4 /* AlbumTrackCollectionViewCell.swift */ = {isa = PBXFileReference; lastKnownFileType = sourcecode.swift; path = AlbumTrackCollectionViewCell.swift; sourceTree = "<group>"; };
		77332ADF2A839A1200F815E4 /* AlbumCollectionViewCellViewModel.swift */ = {isa = PBXFileReference; lastKnownFileType = sourcecode.swift; path = AlbumCollectionViewCellViewModel.swift; sourceTree = "<group>"; };
		7735234E2A698CEC00FA9CA4 /* Spotifier.app */ = {isa = PBXFileReference; explicitFileType = wrapper.application; includeInIndex = 0; path = Spotifier.app; sourceTree = BUILT_PRODUCTS_DIR; };
		773523512A698CEC00FA9CA4 /* AppDelegate.swift */ = {isa = PBXFileReference; lastKnownFileType = sourcecode.swift; path = AppDelegate.swift; sourceTree = "<group>"; };
		773523532A698CEC00FA9CA4 /* SceneDelegate.swift */ = {isa = PBXFileReference; lastKnownFileType = sourcecode.swift; path = SceneDelegate.swift; sourceTree = "<group>"; };
		773523552A698CEC00FA9CA4 /* HomeViewController.swift */ = {isa = PBXFileReference; lastKnownFileType = sourcecode.swift; path = HomeViewController.swift; sourceTree = "<group>"; xcLanguageSpecificationIdentifier = xcode.lang.swift; };
		7735235A2A698CED00FA9CA4 /* Assets.xcassets */ = {isa = PBXFileReference; lastKnownFileType = folder.assetcatalog; path = Assets.xcassets; sourceTree = "<group>"; };
		7735235D2A698CED00FA9CA4 /* Base */ = {isa = PBXFileReference; lastKnownFileType = file.storyboard; name = Base; path = Base.lproj/LaunchScreen.storyboard; sourceTree = "<group>"; };
		7735235F2A698CED00FA9CA4 /* Info.plist */ = {isa = PBXFileReference; lastKnownFileType = text.plist.xml; path = Info.plist; sourceTree = "<group>"; };
		7735236E2A698F2E00FA9CA4 /* TabBarViewController.swift */ = {isa = PBXFileReference; lastKnownFileType = sourcecode.swift; path = TabBarViewController.swift; sourceTree = "<group>"; };
		773523722A698F6700FA9CA4 /* SearchViewController.swift */ = {isa = PBXFileReference; lastKnownFileType = sourcecode.swift; path = SearchViewController.swift; sourceTree = "<group>"; };
		773523752A698F7B00FA9CA4 /* LibraryViewController.swift */ = {isa = PBXFileReference; lastKnownFileType = sourcecode.swift; path = LibraryViewController.swift; sourceTree = "<group>"; };
		7735237A2A698FBE00FA9CA4 /* AuthViewController.swift */ = {isa = PBXFileReference; lastKnownFileType = sourcecode.swift; path = AuthViewController.swift; sourceTree = "<group>"; };
		7735237D2A698FCD00FA9CA4 /* WelcomeViewController.swift */ = {isa = PBXFileReference; lastKnownFileType = sourcecode.swift; path = WelcomeViewController.swift; sourceTree = "<group>"; };
		773523802A698FDD00FA9CA4 /* SettingsViewController.swift */ = {isa = PBXFileReference; lastKnownFileType = sourcecode.swift; path = SettingsViewController.swift; sourceTree = "<group>"; };
		773523832A698FED00FA9CA4 /* ProfileViewController.swift */ = {isa = PBXFileReference; lastKnownFileType = sourcecode.swift; path = ProfileViewController.swift; sourceTree = "<group>"; };
		773523862A698FFB00FA9CA4 /* PlayerViewController.swift */ = {isa = PBXFileReference; lastKnownFileType = sourcecode.swift; path = PlayerViewController.swift; sourceTree = "<group>"; };
		773523892A69900F00FA9CA4 /* PlaylistViewController.swift */ = {isa = PBXFileReference; lastKnownFileType = sourcecode.swift; path = PlaylistViewController.swift; sourceTree = "<group>"; };
		7735238C2A69902800FA9CA4 /* SearchResultViewController.swift */ = {isa = PBXFileReference; lastKnownFileType = sourcecode.swift; path = SearchResultViewController.swift; sourceTree = "<group>"; };
		7735238F2A69905600FA9CA4 /* AuthManager.swift */ = {isa = PBXFileReference; lastKnownFileType = sourcecode.swift; path = AuthManager.swift; sourceTree = "<group>"; };
		773523922A69906200FA9CA4 /* APICaller.swift */ = {isa = PBXFileReference; lastKnownFileType = sourcecode.swift; path = APICaller.swift; sourceTree = "<group>"; };
		773523952A69907600FA9CA4 /* HapticsManager.swift */ = {isa = PBXFileReference; lastKnownFileType = sourcecode.swift; path = HapticsManager.swift; sourceTree = "<group>"; };
		773523982A69909900FA9CA4 /* Playlist.swift */ = {isa = PBXFileReference; lastKnownFileType = sourcecode.swift; path = Playlist.swift; sourceTree = "<group>"; };
		7735239B2A6990A500FA9CA4 /* AudioTrack.swift */ = {isa = PBXFileReference; lastKnownFileType = sourcecode.swift; path = AudioTrack.swift; sourceTree = "<group>"; };
		7735239E2A6991CD00FA9CA4 /* Artist.swift */ = {isa = PBXFileReference; lastKnownFileType = sourcecode.swift; path = Artist.swift; sourceTree = "<group>"; };
		773523A12A6991D800FA9CA4 /* UserProfile.swift */ = {isa = PBXFileReference; lastKnownFileType = sourcecode.swift; path = UserProfile.swift; sourceTree = "<group>"; };
		7752C0A32A73C0ED00E20C82 /* NewReleasesCellViewModel.swift */ = {isa = PBXFileReference; lastKnownFileType = sourcecode.swift; path = NewReleasesCellViewModel.swift; sourceTree = "<group>"; };
		7752C0A52A74148700E20C82 /* FeaturedPlaylistCellViewModel.swift */ = {isa = PBXFileReference; lastKnownFileType = sourcecode.swift; path = FeaturedPlaylistCellViewModel.swift; sourceTree = "<group>"; };
		7752C0A72A7414E300E20C82 /* RecommendedTrackCellViewModel.swift */ = {isa = PBXFileReference; lastKnownFileType = sourcecode.swift; path = RecommendedTrackCellViewModel.swift; sourceTree = "<group>"; };
		7752C0A92A74265900E20C82 /* AlbumViewController.swift */ = {isa = PBXFileReference; lastKnownFileType = sourcecode.swift; path = AlbumViewController.swift; sourceTree = "<group>"; };
		7752C0AB2A742B1000E20C82 /* AlbumDetailsResponse.swift */ = {isa = PBXFileReference; lastKnownFileType = sourcecode.swift; path = AlbumDetailsResponse.swift; sourceTree = "<group>"; };
		7752C0AD2A74306900E20C82 /* PlaylistDetailsResponse.swift */ = {isa = PBXFileReference; lastKnownFileType = sourcecode.swift; path = PlaylistDetailsResponse.swift; sourceTree = "<group>"; };
		7764B2432A738AFA00B9C84A /* RecommendationsResponse.swift */ = {isa = PBXFileReference; lastKnownFileType = sourcecode.swift; path = RecommendationsResponse.swift; sourceTree = "<group>"; };
		7764B2462A73B62C00B9C84A /* NewReleaseCollectionViewCell.swift */ = {isa = PBXFileReference; lastKnownFileType = sourcecode.swift; path = NewReleaseCollectionViewCell.swift; sourceTree = "<group>"; };
		7764B2482A73B65400B9C84A /* FeaturedPlaylistCollectionViewCell.swift */ = {isa = PBXFileReference; lastKnownFileType = sourcecode.swift; path = FeaturedPlaylistCollectionViewCell.swift; sourceTree = "<group>"; };
		7764B24A2A73B68500B9C84A /* RecommendedTrackCollectionViewCell.swift */ = {isa = PBXFileReference; lastKnownFileType = sourcecode.swift; path = RecommendedTrackCollectionViewCell.swift; sourceTree = "<group>"; };
		7766AFCF2A72BB27002C94A3 /* NewReleasesResponse.swift */ = {isa = PBXFileReference; lastKnownFileType = sourcecode.swift; path = NewReleasesResponse.swift; sourceTree = "<group>"; };
		7766AFD12A72BE70002C94A3 /* APIImage.swift */ = {isa = PBXFileReference; lastKnownFileType = sourcecode.swift; path = APIImage.swift; sourceTree = "<group>"; };
		7766AFD32A72CA3F002C94A3 /* FeaturedPlaylistResponse.swift */ = {isa = PBXFileReference; lastKnownFileType = sourcecode.swift; path = FeaturedPlaylistResponse.swift; sourceTree = "<group>"; };
		7766AFD52A72D216002C94A3 /* RecommendedGenresResponse.swift */ = {isa = PBXFileReference; lastKnownFileType = sourcecode.swift; path = RecommendedGenresResponse.swift; sourceTree = "<group>"; };
		7768E25E2A84B0C700786017 /* GenreCollectionViewCell.swift */ = {isa = PBXFileReference; lastKnownFileType = sourcecode.swift; path = GenreCollectionViewCell.swift; sourceTree = "<group>"; };
		7768E2602A84C18400786017 /* AllCategoriesResponse.swift */ = {isa = PBXFileReference; lastKnownFileType = sourcecode.swift; path = AllCategoriesResponse.swift; sourceTree = "<group>"; };
		7768E2622A84E01900786017 /* CategoryCollectionViewCellViewModel.swift */ = {isa = PBXFileReference; lastKnownFileType = sourcecode.swift; path = CategoryCollectionViewCellViewModel.swift; sourceTree = "<group>"; };
		7768E2642A84E7EB00786017 /* CategoryViewController.swift */ = {isa = PBXFileReference; lastKnownFileType = sourcecode.swift; path = CategoryViewController.swift; sourceTree = "<group>"; };
		779B8E752A6EA122000C3C73 /* Extensions.swift */ = {isa = PBXFileReference; lastKnownFileType = sourcecode.swift; path = Extensions.swift; sourceTree = "<group>"; };
		77A395472A70348300A1E8D5 /* SettingsModels.swift */ = {isa = PBXFileReference; lastKnownFileType = sourcecode.swift; path = SettingsModels.swift; sourceTree = "<group>"; };
		77A809C92A6EDECD0041D72A /* AuthResponse.swift */ = {isa = PBXFileReference; lastKnownFileType = sourcecode.swift; path = AuthResponse.swift; sourceTree = "<group>"; };
		77DD7D9D2A7802D0007FD870 /* PlaylistHeaderCollectionReusableView.swift */ = {isa = PBXFileReference; lastKnownFileType = sourcecode.swift; path = PlaylistHeaderCollectionReusableView.swift; sourceTree = "<group>"; };
		77DD7D9F2A780670007FD870 /* PlaylistHeaderViewViewModel.swift */ = {isa = PBXFileReference; lastKnownFileType = sourcecode.swift; path = PlaylistHeaderViewViewModel.swift; sourceTree = "<group>"; };
		8500797835AAC4018CBE76A9 /* Pods_Spotifier.framework */ = {isa = PBXFileReference; explicitFileType = wrapper.framework; includeInIndex = 0; path = Pods_Spotifier.framework; sourceTree = BUILT_PRODUCTS_DIR; };
/* End PBXFileReference section */

/* Begin PBXFrameworksBuildPhase section */
		7735234B2A698CEC00FA9CA4 /* Frameworks */ = {
			isa = PBXFrameworksBuildPhase;
			buildActionMask = 2147483647;
			files = (
				77A395452A701C4D00A1E8D5 /* SFSafeSymbols in Frameworks */,
				FB7F986FAAE6E57F69033368 /* Pods_Spotifier.framework in Frameworks */,
			);
			runOnlyForDeploymentPostprocessing = 0;
		};
/* End PBXFrameworksBuildPhase section */

/* Begin PBXGroup section */
		233A5897E61688CA7609048D /* Pods */ = {
			isa = PBXGroup;
			children = (
				46019B8B0B6C78B5521A5748 /* Pods-Spotifier.debug.xcconfig */,
				1B2FA3DD1C3AEBF50C191066 /* Pods-Spotifier.release.xcconfig */,
			);
			path = Pods;
			sourceTree = "<group>";
		};
		773523452A698CEC00FA9CA4 = {
			isa = PBXGroup;
			children = (
				773523502A698CEC00FA9CA4 /* Spotifier */,
				7735234F2A698CEC00FA9CA4 /* Products */,
				233A5897E61688CA7609048D /* Pods */,
				C9E49D059EDBF49ACA8AA57E /* Frameworks */,
			);
			sourceTree = "<group>";
		};
		7735234F2A698CEC00FA9CA4 /* Products */ = {
			isa = PBXGroup;
			children = (
				7735234E2A698CEC00FA9CA4 /* Spotifier.app */,
			);
			name = Products;
			sourceTree = "<group>";
		};
		773523502A698CEC00FA9CA4 /* Spotifier */ = {
			isa = PBXGroup;
			children = (
				7735236C2A698D4500FA9CA4 /* Resources */,
				7735236A2A698D3600FA9CA4 /* Managers */,
				773523682A698D2100FA9CA4 /* ViewModels */,
				773523692A698D2A00FA9CA4 /* Models */,
				773523672A698D1700FA9CA4 /* Views */,
				773523662A698D0C00FA9CA4 /* Controllers */,
				7735235F2A698CED00FA9CA4 /* Info.plist */,
			);
			path = Spotifier;
			sourceTree = "<group>";
		};
		773523662A698D0C00FA9CA4 /* Controllers */ = {
			isa = PBXGroup;
			children = (
				773523792A698F9A00FA9CA4 /* Other */,
				773523782A698F8500FA9CA4 /* Core */,
			);
			path = Controllers;
			sourceTree = "<group>";
		};
		773523672A698D1700FA9CA4 /* Views */ = {
			isa = PBXGroup;
			children = (
				7735235C2A698CED00FA9CA4 /* LaunchScreen.storyboard */,
				7764B2452A73B5E000B9C84A /* Browse */,
				77DD7D9D2A7802D0007FD870 /* PlaylistHeaderCollectionReusableView.swift */,
				77332ADB2A836D4A00F815E4 /* TitleHeaderCollectionReusableView.swift */,
				77332ADD2A83971600F815E4 /* AlbumTrackCollectionViewCell.swift */,
				7768E25E2A84B0C700786017 /* GenreCollectionViewCell.swift */,
			);
			path = Views;
			sourceTree = "<group>";
		};
		773523682A698D2100FA9CA4 /* ViewModels */ = {
			isa = PBXGroup;
			children = (
				7752C0A32A73C0ED00E20C82 /* NewReleasesCellViewModel.swift */,
				7752C0A52A74148700E20C82 /* FeaturedPlaylistCellViewModel.swift */,
				7752C0A72A7414E300E20C82 /* RecommendedTrackCellViewModel.swift */,
				77DD7D9F2A780670007FD870 /* PlaylistHeaderViewViewModel.swift */,
				77332ADF2A839A1200F815E4 /* AlbumCollectionViewCellViewModel.swift */,
				7768E2622A84E01900786017 /* CategoryCollectionViewCellViewModel.swift */,
			);
			path = ViewModels;
			sourceTree = "<group>";
		};
		773523692A698D2A00FA9CA4 /* Models */ = {
			isa = PBXGroup;
			children = (
				773523982A69909900FA9CA4 /* Playlist.swift */,
				7735239B2A6990A500FA9CA4 /* AudioTrack.swift */,
				7735239E2A6991CD00FA9CA4 /* Artist.swift */,
				773523A12A6991D800FA9CA4 /* UserProfile.swift */,
				77A809C92A6EDECD0041D72A /* AuthResponse.swift */,
				77A395472A70348300A1E8D5 /* SettingsModels.swift */,
				7766AFCF2A72BB27002C94A3 /* NewReleasesResponse.swift */,
				7766AFD12A72BE70002C94A3 /* APIImage.swift */,
				7766AFD32A72CA3F002C94A3 /* FeaturedPlaylistResponse.swift */,
				7766AFD52A72D216002C94A3 /* RecommendedGenresResponse.swift */,
				7764B2432A738AFA00B9C84A /* RecommendationsResponse.swift */,
				7752C0AB2A742B1000E20C82 /* AlbumDetailsResponse.swift */,
				7752C0AD2A74306900E20C82 /* PlaylistDetailsResponse.swift */,
				7768E2602A84C18400786017 /* AllCategoriesResponse.swift */,
			);
			path = Models;
			sourceTree = "<group>";
		};
		7735236A2A698D3600FA9CA4 /* Managers */ = {
			isa = PBXGroup;
			children = (
				7735238F2A69905600FA9CA4 /* AuthManager.swift */,
				773523922A69906200FA9CA4 /* APICaller.swift */,
				773523952A69907600FA9CA4 /* HapticsManager.swift */,
			);
			path = Managers;
			sourceTree = "<group>";
		};
		7735236C2A698D4500FA9CA4 /* Resources */ = {
			isa = PBXGroup;
			children = (
				7735235A2A698CED00FA9CA4 /* Assets.xcassets */,
				773523512A698CEC00FA9CA4 /* AppDelegate.swift */,
				773523532A698CEC00FA9CA4 /* SceneDelegate.swift */,
				779B8E752A6EA122000C3C73 /* Extensions.swift */,
			);
			path = Resources;
			sourceTree = "<group>";
		};
		773523782A698F8500FA9CA4 /* Core */ = {
			isa = PBXGroup;
			children = (
				7735236E2A698F2E00FA9CA4 /* TabBarViewController.swift */,
				773523552A698CEC00FA9CA4 /* HomeViewController.swift */,
				773523722A698F6700FA9CA4 /* SearchViewController.swift */,
				773523752A698F7B00FA9CA4 /* LibraryViewController.swift */,
			);
			path = Core;
			sourceTree = "<group>";
		};
		773523792A698F9A00FA9CA4 /* Other */ = {
			isa = PBXGroup;
			children = (
				7735237A2A698FBE00FA9CA4 /* AuthViewController.swift */,
				7735237D2A698FCD00FA9CA4 /* WelcomeViewController.swift */,
				773523802A698FDD00FA9CA4 /* SettingsViewController.swift */,
				773523832A698FED00FA9CA4 /* ProfileViewController.swift */,
				773523862A698FFB00FA9CA4 /* PlayerViewController.swift */,
				773523892A69900F00FA9CA4 /* PlaylistViewController.swift */,
				7735238C2A69902800FA9CA4 /* SearchResultViewController.swift */,
				7752C0A92A74265900E20C82 /* AlbumViewController.swift */,
				7768E2642A84E7EB00786017 /* CategoryViewController.swift */,
			);
			path = Other;
			sourceTree = "<group>";
		};
		7764B2452A73B5E000B9C84A /* Browse */ = {
			isa = PBXGroup;
			children = (
				7764B2462A73B62C00B9C84A /* NewReleaseCollectionViewCell.swift */,
				7764B2482A73B65400B9C84A /* FeaturedPlaylistCollectionViewCell.swift */,
				7764B24A2A73B68500B9C84A /* RecommendedTrackCollectionViewCell.swift */,
			);
			path = Browse;
			sourceTree = "<group>";
		};
		C9E49D059EDBF49ACA8AA57E /* Frameworks */ = {
			isa = PBXGroup;
			children = (
				8500797835AAC4018CBE76A9 /* Pods_Spotifier.framework */,
			);
			name = Frameworks;
			sourceTree = "<group>";
		};
/* End PBXGroup section */

/* Begin PBXNativeTarget section */
		7735234D2A698CEC00FA9CA4 /* Spotifier */ = {
			isa = PBXNativeTarget;
			buildConfigurationList = 773523622A698CED00FA9CA4 /* Build configuration list for PBXNativeTarget "Spotifier" */;
			buildPhases = (
				19F2D661B5FC8BE603F3A034 /* [CP] Check Pods Manifest.lock */,
				7735234A2A698CEC00FA9CA4 /* Sources */,
				7735234B2A698CEC00FA9CA4 /* Frameworks */,
				7735234C2A698CEC00FA9CA4 /* Resources */,
				7ABD428F063D188D6C6BF2F4 /* [CP] Embed Pods Frameworks */,
			);
			buildRules = (
			);
			dependencies = (
			);
			name = Spotifier;
			packageProductDependencies = (
				77A395442A701C4D00A1E8D5 /* SFSafeSymbols */,
			);
			productName = Spotifier;
			productReference = 7735234E2A698CEC00FA9CA4 /* Spotifier.app */;
			productType = "com.apple.product-type.application";
		};
/* End PBXNativeTarget section */

/* Begin PBXProject section */
		773523462A698CEC00FA9CA4 /* Project object */ = {
			isa = PBXProject;
			attributes = {
				BuildIndependentTargetsInParallel = YES;
				LastSwiftUpdateCheck = 1240;
				LastUpgradeCheck = 1430;
				TargetAttributes = {
					7735234D2A698CEC00FA9CA4 = {
						CreatedOnToolsVersion = 12.4;
					};
				};
			};
			buildConfigurationList = 773523492A698CEC00FA9CA4 /* Build configuration list for PBXProject "Spotifier" */;
			compatibilityVersion = "Xcode 9.3";
			developmentRegion = en;
			hasScannedForEncodings = 0;
			knownRegions = (
				en,
				Base,
			);
			mainGroup = 773523452A698CEC00FA9CA4;
			packageReferences = (
				77A395432A701C4D00A1E8D5 /* XCRemoteSwiftPackageReference "SFSafeSymbols" */,
			);
			productRefGroup = 7735234F2A698CEC00FA9CA4 /* Products */;
			projectDirPath = "";
			projectRoot = "";
			targets = (
				7735234D2A698CEC00FA9CA4 /* Spotifier */,
			);
		};
/* End PBXProject section */

/* Begin PBXResourcesBuildPhase section */
		7735234C2A698CEC00FA9CA4 /* Resources */ = {
			isa = PBXResourcesBuildPhase;
			buildActionMask = 2147483647;
			files = (
				7735235E2A698CED00FA9CA4 /* LaunchScreen.storyboard in Resources */,
				7735235B2A698CED00FA9CA4 /* Assets.xcassets in Resources */,
			);
			runOnlyForDeploymentPostprocessing = 0;
		};
/* End PBXResourcesBuildPhase section */

/* Begin PBXShellScriptBuildPhase section */
		19F2D661B5FC8BE603F3A034 /* [CP] Check Pods Manifest.lock */ = {
			isa = PBXShellScriptBuildPhase;
			buildActionMask = 2147483647;
			files = (
			);
			inputFileListPaths = (
			);
			inputPaths = (
				"${PODS_PODFILE_DIR_PATH}/Podfile.lock",
				"${PODS_ROOT}/Manifest.lock",
			);
			name = "[CP] Check Pods Manifest.lock";
			outputFileListPaths = (
			);
			outputPaths = (
				"$(DERIVED_FILE_DIR)/Pods-Spotifier-checkManifestLockResult.txt",
			);
			runOnlyForDeploymentPostprocessing = 0;
			shellPath = /bin/sh;
			shellScript = "diff \"${PODS_PODFILE_DIR_PATH}/Podfile.lock\" \"${PODS_ROOT}/Manifest.lock\" > /dev/null\nif [ $? != 0 ] ; then\n    # print error to STDERR\n    echo \"error: The sandbox is not in sync with the Podfile.lock. Run 'pod install' or update your CocoaPods installation.\" >&2\n    exit 1\nfi\n# This output is used by Xcode 'outputs' to avoid re-running this script phase.\necho \"SUCCESS\" > \"${SCRIPT_OUTPUT_FILE_0}\"\n";
			showEnvVarsInLog = 0;
		};
		7ABD428F063D188D6C6BF2F4 /* [CP] Embed Pods Frameworks */ = {
			isa = PBXShellScriptBuildPhase;
			buildActionMask = 2147483647;
			files = (
			);
			inputFileListPaths = (
				"${PODS_ROOT}/Target Support Files/Pods-Spotifier/Pods-Spotifier-frameworks-${CONFIGURATION}-input-files.xcfilelist",
			);
			name = "[CP] Embed Pods Frameworks";
			outputFileListPaths = (
				"${PODS_ROOT}/Target Support Files/Pods-Spotifier/Pods-Spotifier-frameworks-${CONFIGURATION}-output-files.xcfilelist",
			);
			runOnlyForDeploymentPostprocessing = 0;
			shellPath = /bin/sh;
			shellScript = "\"${PODS_ROOT}/Target Support Files/Pods-Spotifier/Pods-Spotifier-frameworks.sh\"\n";
			showEnvVarsInLog = 0;
		};
/* End PBXShellScriptBuildPhase section */

/* Begin PBXSourcesBuildPhase section */
		7735234A2A698CEC00FA9CA4 /* Sources */ = {
			isa = PBXSourcesBuildPhase;
			buildActionMask = 2147483647;
			files = (
				773523732A698F6700FA9CA4 /* SearchViewController.swift in Sources */,
				7752C0AE2A74306900E20C82 /* PlaylistDetailsResponse.swift in Sources */,
				773523992A69909900FA9CA4 /* Playlist.swift in Sources */,
				773523902A69905600FA9CA4 /* AuthManager.swift in Sources */,
				7735237E2A698FCD00FA9CA4 /* WelcomeViewController.swift in Sources */,
				77332AE02A839A1200F815E4 /* AlbumCollectionViewCellViewModel.swift in Sources */,
				7752C0A82A7414E300E20C82 /* RecommendedTrackCellViewModel.swift in Sources */,
				7766AFD42A72CA3F002C94A3 /* FeaturedPlaylistResponse.swift in Sources */,
				7768E2652A84E7EB00786017 /* CategoryViewController.swift in Sources */,
				7768E2612A84C18400786017 /* AllCategoriesResponse.swift in Sources */,
				77332ADC2A836D4A00F815E4 /* TitleHeaderCollectionReusableView.swift in Sources */,
				7752C0AA2A74265900E20C82 /* AlbumViewController.swift in Sources */,
				77DD7DA02A780670007FD870 /* PlaylistHeaderViewViewModel.swift in Sources */,
				7752C0A62A74148700E20C82 /* FeaturedPlaylistCellViewModel.swift in Sources */,
				7766AFD22A72BE70002C94A3 /* APIImage.swift in Sources */,
				773523842A698FED00FA9CA4 /* ProfileViewController.swift in Sources */,
				7735236F2A698F2E00FA9CA4 /* TabBarViewController.swift in Sources */,
				7764B24B2A73B68500B9C84A /* RecommendedTrackCollectionViewCell.swift in Sources */,
				773523562A698CEC00FA9CA4 /* HomeViewController.swift in Sources */,
				773523962A69907600FA9CA4 /* HapticsManager.swift in Sources */,
				7768E25F2A84B0C800786017 /* GenreCollectionViewCell.swift in Sources */,
				77A809CA2A6EDECD0041D72A /* AuthResponse.swift in Sources */,
				7764B2442A738AFA00B9C84A /* RecommendationsResponse.swift in Sources */,
				77332ADE2A83971600F815E4 /* AlbumTrackCollectionViewCell.swift in Sources */,
				7766AFD02A72BB27002C94A3 /* NewReleasesResponse.swift in Sources */,
				7735239C2A6990A500FA9CA4 /* AudioTrack.swift in Sources */,
				7752C0A42A73C0ED00E20C82 /* NewReleasesCellViewModel.swift in Sources */,
				7764B2472A73B62C00B9C84A /* NewReleaseCollectionViewCell.swift in Sources */,
				7735237B2A698FBE00FA9CA4 /* AuthViewController.swift in Sources */,
				7764B2492A73B65400B9C84A /* FeaturedPlaylistCollectionViewCell.swift in Sources */,
				773523522A698CEC00FA9CA4 /* AppDelegate.swift in Sources */,
				773523762A698F7B00FA9CA4 /* LibraryViewController.swift in Sources */,
				773523A22A6991D900FA9CA4 /* UserProfile.swift in Sources */,
				77DD7D9E2A7802D0007FD870 /* PlaylistHeaderCollectionReusableView.swift in Sources */,
				779B8E762A6EA122000C3C73 /* Extensions.swift in Sources */,
				7735238A2A69900F00FA9CA4 /* PlaylistViewController.swift in Sources */,
				7735239F2A6991CD00FA9CA4 /* Artist.swift in Sources */,
				77A395482A70348300A1E8D5 /* SettingsModels.swift in Sources */,
				773523542A698CEC00FA9CA4 /* SceneDelegate.swift in Sources */,
				773523872A698FFB00FA9CA4 /* PlayerViewController.swift in Sources */,
				7752C0AC2A742B1000E20C82 /* AlbumDetailsResponse.swift in Sources */,
				7735238D2A69902800FA9CA4 /* SearchResultViewController.swift in Sources */,
				773523932A69906200FA9CA4 /* APICaller.swift in Sources */,
				773523812A698FDD00FA9CA4 /* SettingsViewController.swift in Sources */,
				7768E2632A84E01900786017 /* CategoryCollectionViewCellViewModel.swift in Sources */,
				7766AFD62A72D216002C94A3 /* RecommendedGenresResponse.swift in Sources */,
			);
			runOnlyForDeploymentPostprocessing = 0;
		};
/* End PBXSourcesBuildPhase section */

/* Begin PBXVariantGroup section */
		7735235C2A698CED00FA9CA4 /* LaunchScreen.storyboard */ = {
			isa = PBXVariantGroup;
			children = (
				7735235D2A698CED00FA9CA4 /* Base */,
			);
			name = LaunchScreen.storyboard;
			sourceTree = "<group>";
		};
/* End PBXVariantGroup section */

/* Begin XCBuildConfiguration section */
		773523602A698CED00FA9CA4 /* Debug */ = {
			isa = XCBuildConfiguration;
			buildSettings = {
				ALWAYS_SEARCH_USER_PATHS = NO;
				CLANG_ANALYZER_NONNULL = YES;
				CLANG_ANALYZER_NUMBER_OBJECT_CONVERSION = YES_AGGRESSIVE;
				CLANG_CXX_LANGUAGE_STANDARD = "gnu++14";
				CLANG_CXX_LIBRARY = "libc++";
				CLANG_ENABLE_MODULES = YES;
				CLANG_ENABLE_OBJC_ARC = YES;
				CLANG_ENABLE_OBJC_WEAK = YES;
				CLANG_WARN_BLOCK_CAPTURE_AUTORELEASING = YES;
				CLANG_WARN_BOOL_CONVERSION = YES;
				CLANG_WARN_COMMA = YES;
				CLANG_WARN_CONSTANT_CONVERSION = YES;
				CLANG_WARN_DEPRECATED_OBJC_IMPLEMENTATIONS = YES;
				CLANG_WARN_DIRECT_OBJC_ISA_USAGE = YES_ERROR;
				CLANG_WARN_DOCUMENTATION_COMMENTS = YES;
				CLANG_WARN_EMPTY_BODY = YES;
				CLANG_WARN_ENUM_CONVERSION = YES;
				CLANG_WARN_INFINITE_RECURSION = YES;
				CLANG_WARN_INT_CONVERSION = YES;
				CLANG_WARN_NON_LITERAL_NULL_CONVERSION = YES;
				CLANG_WARN_OBJC_IMPLICIT_RETAIN_SELF = YES;
				CLANG_WARN_OBJC_LITERAL_CONVERSION = YES;
				CLANG_WARN_OBJC_ROOT_CLASS = YES_ERROR;
				CLANG_WARN_QUOTED_INCLUDE_IN_FRAMEWORK_HEADER = YES;
				CLANG_WARN_RANGE_LOOP_ANALYSIS = YES;
				CLANG_WARN_STRICT_PROTOTYPES = YES;
				CLANG_WARN_SUSPICIOUS_MOVE = YES;
				CLANG_WARN_UNGUARDED_AVAILABILITY = YES_AGGRESSIVE;
				CLANG_WARN_UNREACHABLE_CODE = YES;
				CLANG_WARN__DUPLICATE_METHOD_MATCH = YES;
				COPY_PHASE_STRIP = NO;
				DEBUG_INFORMATION_FORMAT = dwarf;
				ENABLE_STRICT_OBJC_MSGSEND = YES;
				ENABLE_TESTABILITY = YES;
				GCC_C_LANGUAGE_STANDARD = gnu11;
				GCC_DYNAMIC_NO_PIC = NO;
				GCC_NO_COMMON_BLOCKS = YES;
				GCC_OPTIMIZATION_LEVEL = 0;
				GCC_PREPROCESSOR_DEFINITIONS = (
					"DEBUG=1",
					"$(inherited)",
				);
				GCC_WARN_64_TO_32_BIT_CONVERSION = YES;
				GCC_WARN_ABOUT_RETURN_TYPE = YES_ERROR;
				GCC_WARN_UNDECLARED_SELECTOR = YES;
				GCC_WARN_UNINITIALIZED_AUTOS = YES_AGGRESSIVE;
				GCC_WARN_UNUSED_FUNCTION = YES;
				GCC_WARN_UNUSED_VARIABLE = YES;
				IPHONEOS_DEPLOYMENT_TARGET = 14.0;
				MTL_ENABLE_DEBUG_INFO = INCLUDE_SOURCE;
				MTL_FAST_MATH = YES;
				ONLY_ACTIVE_ARCH = YES;
				SDKROOT = iphoneos;
				SWIFT_ACTIVE_COMPILATION_CONDITIONS = DEBUG;
				SWIFT_OPTIMIZATION_LEVEL = "-Onone";
			};
			name = Debug;
		};
		773523612A698CED00FA9CA4 /* Release */ = {
			isa = XCBuildConfiguration;
			buildSettings = {
				ALWAYS_SEARCH_USER_PATHS = NO;
				CLANG_ANALYZER_NONNULL = YES;
				CLANG_ANALYZER_NUMBER_OBJECT_CONVERSION = YES_AGGRESSIVE;
				CLANG_CXX_LANGUAGE_STANDARD = "gnu++14";
				CLANG_CXX_LIBRARY = "libc++";
				CLANG_ENABLE_MODULES = YES;
				CLANG_ENABLE_OBJC_ARC = YES;
				CLANG_ENABLE_OBJC_WEAK = YES;
				CLANG_WARN_BLOCK_CAPTURE_AUTORELEASING = YES;
				CLANG_WARN_BOOL_CONVERSION = YES;
				CLANG_WARN_COMMA = YES;
				CLANG_WARN_CONSTANT_CONVERSION = YES;
				CLANG_WARN_DEPRECATED_OBJC_IMPLEMENTATIONS = YES;
				CLANG_WARN_DIRECT_OBJC_ISA_USAGE = YES_ERROR;
				CLANG_WARN_DOCUMENTATION_COMMENTS = YES;
				CLANG_WARN_EMPTY_BODY = YES;
				CLANG_WARN_ENUM_CONVERSION = YES;
				CLANG_WARN_INFINITE_RECURSION = YES;
				CLANG_WARN_INT_CONVERSION = YES;
				CLANG_WARN_NON_LITERAL_NULL_CONVERSION = YES;
				CLANG_WARN_OBJC_IMPLICIT_RETAIN_SELF = YES;
				CLANG_WARN_OBJC_LITERAL_CONVERSION = YES;
				CLANG_WARN_OBJC_ROOT_CLASS = YES_ERROR;
				CLANG_WARN_QUOTED_INCLUDE_IN_FRAMEWORK_HEADER = YES;
				CLANG_WARN_RANGE_LOOP_ANALYSIS = YES;
				CLANG_WARN_STRICT_PROTOTYPES = YES;
				CLANG_WARN_SUSPICIOUS_MOVE = YES;
				CLANG_WARN_UNGUARDED_AVAILABILITY = YES_AGGRESSIVE;
				CLANG_WARN_UNREACHABLE_CODE = YES;
				CLANG_WARN__DUPLICATE_METHOD_MATCH = YES;
				COPY_PHASE_STRIP = NO;
				DEBUG_INFORMATION_FORMAT = "dwarf-with-dsym";
				ENABLE_NS_ASSERTIONS = NO;
				ENABLE_STRICT_OBJC_MSGSEND = YES;
				GCC_C_LANGUAGE_STANDARD = gnu11;
				GCC_NO_COMMON_BLOCKS = YES;
				GCC_WARN_64_TO_32_BIT_CONVERSION = YES;
				GCC_WARN_ABOUT_RETURN_TYPE = YES_ERROR;
				GCC_WARN_UNDECLARED_SELECTOR = YES;
				GCC_WARN_UNINITIALIZED_AUTOS = YES_AGGRESSIVE;
				GCC_WARN_UNUSED_FUNCTION = YES;
				GCC_WARN_UNUSED_VARIABLE = YES;
				IPHONEOS_DEPLOYMENT_TARGET = 14.0;
				MTL_ENABLE_DEBUG_INFO = NO;
				MTL_FAST_MATH = YES;
				SDKROOT = iphoneos;
				SWIFT_COMPILATION_MODE = wholemodule;
				SWIFT_OPTIMIZATION_LEVEL = "-O";
				VALIDATE_PRODUCT = YES;
			};
			name = Release;
		};
		773523632A698CED00FA9CA4 /* Debug */ = {
			isa = XCBuildConfiguration;
			baseConfigurationReference = 46019B8B0B6C78B5521A5748 /* Pods-Spotifier.debug.xcconfig */;
			buildSettings = {
				ASSETCATALOG_COMPILER_APPICON_NAME = AppIcon;
				ASSETCATALOG_COMPILER_GLOBAL_ACCENT_COLOR_NAME = AccentColor;
				CODE_SIGN_STYLE = Automatic;
				CURRENT_PROJECT_VERSION = 1;
				DEVELOPMENT_TEAM = K6569LYJ88;
				INFOPLIST_FILE = Spotifier/Info.plist;
				INFOPLIST_KEY_CFBundleDisplayName = iSpotifier;
				LD_RUNPATH_SEARCH_PATHS = (
					"$(inherited)",
					"@executable_path/Frameworks",
				);
				MARKETING_VERSION = 1.0;
				PRODUCT_BUNDLE_IDENTIFIER = com.ecqdigital.iSpotifier;
				PRODUCT_NAME = "$(TARGET_NAME)";
				SWIFT_VERSION = 5.0;
				TARGETED_DEVICE_FAMILY = "1,2";
			};
			name = Debug;
		};
		773523642A698CED00FA9CA4 /* Release */ = {
			isa = XCBuildConfiguration;
			baseConfigurationReference = 1B2FA3DD1C3AEBF50C191066 /* Pods-Spotifier.release.xcconfig */;
			buildSettings = {
				ASSETCATALOG_COMPILER_APPICON_NAME = AppIcon;
				ASSETCATALOG_COMPILER_GLOBAL_ACCENT_COLOR_NAME = AccentColor;
				CODE_SIGN_STYLE = Automatic;
				CURRENT_PROJECT_VERSION = 1;
				DEVELOPMENT_TEAM = K6569LYJ88;
				INFOPLIST_FILE = Spotifier/Info.plist;
				INFOPLIST_KEY_CFBundleDisplayName = iSpotifier;
				LD_RUNPATH_SEARCH_PATHS = (
					"$(inherited)",
					"@executable_path/Frameworks",
				);
				MARKETING_VERSION = 1.0;
				PRODUCT_BUNDLE_IDENTIFIER = com.ecqdigital.iSpotifier;
				PRODUCT_NAME = "$(TARGET_NAME)";
				SWIFT_VERSION = 5.0;
				TARGETED_DEVICE_FAMILY = "1,2";
			};
			name = Release;
		};
/* End XCBuildConfiguration section */

/* Begin XCConfigurationList section */
		773523492A698CEC00FA9CA4 /* Build configuration list for PBXProject "Spotifier" */ = {
			isa = XCConfigurationList;
			buildConfigurations = (
				773523602A698CED00FA9CA4 /* Debug */,
				773523612A698CED00FA9CA4 /* Release */,
			);
			defaultConfigurationIsVisible = 0;
			defaultConfigurationName = Release;
		};
		773523622A698CED00FA9CA4 /* Build configuration list for PBXNativeTarget "Spotifier" */ = {
			isa = XCConfigurationList;
			buildConfigurations = (
				773523632A698CED00FA9CA4 /* Debug */,
				773523642A698CED00FA9CA4 /* Release */,
			);
			defaultConfigurationIsVisible = 0;
			defaultConfigurationName = Release;
		};
/* End XCConfigurationList section */

/* Begin XCRemoteSwiftPackageReference section */
		77A395432A701C4D00A1E8D5 /* XCRemoteSwiftPackageReference "SFSafeSymbols" */ = {
			isa = XCRemoteSwiftPackageReference;
			repositoryURL = "https://github.com/SFSafeSymbols/SFSafeSymbols";
			requirement = {
				kind = upToNextMajorVersion;
				minimumVersion = 4.1.1;
			};
		};
/* End XCRemoteSwiftPackageReference section */

/* Begin XCSwiftPackageProductDependency section */
		77A395442A701C4D00A1E8D5 /* SFSafeSymbols */ = {
			isa = XCSwiftPackageProductDependency;
			package = 77A395432A701C4D00A1E8D5 /* XCRemoteSwiftPackageReference "SFSafeSymbols" */;
			productName = SFSafeSymbols;
		};
/* End XCSwiftPackageProductDependency section */
	};
	rootObject = 773523462A698CEC00FA9CA4 /* Project object */;
}
